// !$*UTF8*$!
{
	archiveVersion = 1;
	classes = {
	};
	objectVersion = 50;
	objects = {

/* Begin PBXBuildFile section */
		764A123B24460E030066EDDB /* DBManager.swift in Sources */ = {isa = PBXBuildFile; fileRef = 764A123A24460E030066EDDB /* DBManager.swift */; };
		764A123D244614A50066EDDB /* CarOwnerCell.swift in Sources */ = {isa = PBXBuildFile; fileRef = 764A123C244614A50066EDDB /* CarOwnerCell.swift */; };
		76F6D3DD2445FC4B008026B5 /* AppDelegate.swift in Sources */ = {isa = PBXBuildFile; fileRef = 76F6D3DC2445FC4B008026B5 /* AppDelegate.swift */; };
		76F6D3DF2445FC4B008026B5 /* SceneDelegate.swift in Sources */ = {isa = PBXBuildFile; fileRef = 76F6D3DE2445FC4B008026B5 /* SceneDelegate.swift */; };
		76F6D3E42445FC4B008026B5 /* Main.storyboard in Resources */ = {isa = PBXBuildFile; fileRef = 76F6D3E22445FC4B008026B5 /* Main.storyboard */; };
		76F6D3E72445FC4B008026B5 /* AEFetchedResultsControllerApp.xcdatamodeld in Sources */ = {isa = PBXBuildFile; fileRef = 76F6D3E52445FC4B008026B5 /* AEFetchedResultsControllerApp.xcdatamodeld */; };
		76F6D3E92445FC4F008026B5 /* Assets.xcassets in Resources */ = {isa = PBXBuildFile; fileRef = 76F6D3E82445FC4F008026B5 /* Assets.xcassets */; };
		76F6D3EC2445FC4F008026B5 /* LaunchScreen.storyboard in Resources */ = {isa = PBXBuildFile; fileRef = 76F6D3EA2445FC4F008026B5 /* LaunchScreen.storyboard */; };
		76F6D400244602F1008026B5 /* Car+CoreDataProperties.swift in Sources */ = {isa = PBXBuildFile; fileRef = 76F6D3FC244602F0008026B5 /* Car+CoreDataProperties.swift */; };
		76F6D401244602F1008026B5 /* Person+CoreDataClass.swift in Sources */ = {isa = PBXBuildFile; fileRef = 76F6D3FD244602F0008026B5 /* Person+CoreDataClass.swift */; };
		76F6D402244602F1008026B5 /* Car+CoreDataClass.swift in Sources */ = {isa = PBXBuildFile; fileRef = 76F6D3FE244602F1008026B5 /* Car+CoreDataClass.swift */; };
		76F6D403244602F1008026B5 /* Person+CoreDataProperties.swift in Sources */ = {isa = PBXBuildFile; fileRef = 76F6D3FF244602F1008026B5 /* Person+CoreDataProperties.swift */; };
		76F6D40724460379008026B5 /* TableViewController.swift in Sources */ = {isa = PBXBuildFile; fileRef = 76F6D40624460379008026B5 /* TableViewController.swift */; };
/* End PBXBuildFile section */

/* Begin PBXFileReference section */
		764A123A24460E030066EDDB /* DBManager.swift */ = {isa = PBXFileReference; lastKnownFileType = sourcecode.swift; path = DBManager.swift; sourceTree = "<group>"; };
		764A123C244614A50066EDDB /* CarOwnerCell.swift */ = {isa = PBXFileReference; lastKnownFileType = sourcecode.swift; path = CarOwnerCell.swift; sourceTree = "<group>"; };
		76F6D3D92445FC4B008026B5 /* AEFetchedResultsControllerApp.app */ = {isa = PBXFileReference; explicitFileType = wrapper.application; includeInIndex = 0; path = AEFetchedResultsControllerApp.app; sourceTree = BUILT_PRODUCTS_DIR; };
		76F6D3DC2445FC4B008026B5 /* AppDelegate.swift */ = {isa = PBXFileReference; lastKnownFileType = sourcecode.swift; path = AppDelegate.swift; sourceTree = "<group>"; };
		76F6D3DE2445FC4B008026B5 /* SceneDelegate.swift */ = {isa = PBXFileReference; lastKnownFileType = sourcecode.swift; path = SceneDelegate.swift; sourceTree = "<group>"; };
		76F6D3E32445FC4B008026B5 /* Base */ = {isa = PBXFileReference; lastKnownFileType = file.storyboard; name = Base; path = Base.lproj/Main.storyboard; sourceTree = "<group>"; };
		76F6D3E62445FC4B008026B5 /* AEFetchedResultsControllerApp.xcdatamodel */ = {isa = PBXFileReference; lastKnownFileType = wrapper.xcdatamodel; path = AEFetchedResultsControllerApp.xcdatamodel; sourceTree = "<group>"; };
		76F6D3E82445FC4F008026B5 /* Assets.xcassets */ = {isa = PBXFileReference; lastKnownFileType = folder.assetcatalog; path = Assets.xcassets; sourceTree = "<group>"; };
		76F6D3EB2445FC4F008026B5 /* Base */ = {isa = PBXFileReference; lastKnownFileType = file.storyboard; name = Base; path = Base.lproj/LaunchScreen.storyboard; sourceTree = "<group>"; };
		76F6D3ED2445FC4F008026B5 /* Info.plist */ = {isa = PBXFileReference; lastKnownFileType = text.plist.xml; path = Info.plist; sourceTree = "<group>"; };
		76F6D3FC244602F0008026B5 /* Car+CoreDataProperties.swift */ = {isa = PBXFileReference; fileEncoding = 4; lastKnownFileType = sourcecode.swift; path = "Car+CoreDataProperties.swift"; sourceTree = "<group>"; };
		76F6D3FD244602F0008026B5 /* Person+CoreDataClass.swift */ = {isa = PBXFileReference; fileEncoding = 4; lastKnownFileType = sourcecode.swift; path = "Person+CoreDataClass.swift"; sourceTree = "<group>"; };
		76F6D3FE244602F1008026B5 /* Car+CoreDataClass.swift */ = {isa = PBXFileReference; fileEncoding = 4; lastKnownFileType = sourcecode.swift; path = "Car+CoreDataClass.swift"; sourceTree = "<group>"; };
		76F6D3FF244602F1008026B5 /* Person+CoreDataProperties.swift */ = {isa = PBXFileReference; fileEncoding = 4; lastKnownFileType = sourcecode.swift; path = "Person+CoreDataProperties.swift"; sourceTree = "<group>"; };
		76F6D40624460379008026B5 /* TableViewController.swift */ = {isa = PBXFileReference; lastKnownFileType = sourcecode.swift; path = TableViewController.swift; sourceTree = "<group>"; };
/* End PBXFileReference section */

/* Begin PBXFrameworksBuildPhase section */
		76F6D3D62445FC4B008026B5 /* Frameworks */ = {
			isa = PBXFrameworksBuildPhase;
			buildActionMask = 2147483647;
			files = (
			);
			runOnlyForDeploymentPostprocessing = 0;
		};
/* End PBXFrameworksBuildPhase section */

/* Begin PBXGroup section */
		76F6D3D02445FC4B008026B5 = {
			isa = PBXGroup;
			children = (
				76F6D3DB2445FC4B008026B5 /* AEFetchedResultsControllerApp */,
				76F6D3DA2445FC4B008026B5 /* Products */,
			);
			sourceTree = "<group>";
		};
		76F6D3DA2445FC4B008026B5 /* Products */ = {
			isa = PBXGroup;
			children = (
				76F6D3D92445FC4B008026B5 /* AEFetchedResultsControllerApp.app */,
			);
			name = Products;
			sourceTree = "<group>";
		};
		76F6D3DB2445FC4B008026B5 /* AEFetchedResultsControllerApp */ = {
			isa = PBXGroup;
			children = (
				76F6D3FB244602F0008026B5 /* ManagedObjects */,
				76F6D3DC2445FC4B008026B5 /* AppDelegate.swift */,
				76F6D3DE2445FC4B008026B5 /* SceneDelegate.swift */,
				764A123A24460E030066EDDB /* DBManager.swift */,
				76F6D40624460379008026B5 /* TableViewController.swift */,
				764A123C244614A50066EDDB /* CarOwnerCell.swift */,
				76F6D3E22445FC4B008026B5 /* Main.storyboard */,
				76F6D3E82445FC4F008026B5 /* Assets.xcassets */,
				76F6D3EA2445FC4F008026B5 /* LaunchScreen.storyboard */,
				76F6D3ED2445FC4F008026B5 /* Info.plist */,
				76F6D3E52445FC4B008026B5 /* AEFetchedResultsControllerApp.xcdatamodeld */,
			);
			path = AEFetchedResultsControllerApp;
			sourceTree = "<group>";
		};
		76F6D3FB244602F0008026B5 /* ManagedObjects */ = {
			isa = PBXGroup;
			children = (
				76F6D3FC244602F0008026B5 /* Car+CoreDataProperties.swift */,
				76F6D3FD244602F0008026B5 /* Person+CoreDataClass.swift */,
				76F6D3FE244602F1008026B5 /* Car+CoreDataClass.swift */,
				76F6D3FF244602F1008026B5 /* Person+CoreDataProperties.swift */,
			);
			path = ManagedObjects;
			sourceTree = "<group>";
		};
/* End PBXGroup section */

/* Begin PBXNativeTarget section */
		76F6D3D82445FC4B008026B5 /* AEFetchedResultsControllerApp */ = {
			isa = PBXNativeTarget;
			buildConfigurationList = 76F6D3F02445FC4F008026B5 /* Build configuration list for PBXNativeTarget "AEFetchedResultsControllerApp" */;
			buildPhases = (
				76F6D3D52445FC4B008026B5 /* Sources */,
				76F6D3D62445FC4B008026B5 /* Frameworks */,
				76F6D3D72445FC4B008026B5 /* Resources */,
			);
			buildRules = (
			);
			dependencies = (
			);
			name = AEFetchedResultsControllerApp;
			productName = AEFetchedResultsControllerApp;
			productReference = 76F6D3D92445FC4B008026B5 /* AEFetchedResultsControllerApp.app */;
			productType = "com.apple.product-type.application";
		};
/* End PBXNativeTarget section */

/* Begin PBXProject section */
		76F6D3D12445FC4B008026B5 /* Project object */ = {
			isa = PBXProject;
			attributes = {
				LastSwiftUpdateCheck = 1140;
				LastUpgradeCheck = 1140;
				ORGANIZATIONNAME = "Amirreza Eghtedari";
				TargetAttributes = {
					76F6D3D82445FC4B008026B5 = {
						CreatedOnToolsVersion = 11.4;
					};
				};
			};
			buildConfigurationList = 76F6D3D42445FC4B008026B5 /* Build configuration list for PBXProject "AEFetchedResultsControllerApp" */;
			compatibilityVersion = "Xcode 9.3";
			developmentRegion = en;
			hasScannedForEncodings = 0;
			knownRegions = (
				en,
				Base,
			);
			mainGroup = 76F6D3D02445FC4B008026B5;
			productRefGroup = 76F6D3DA2445FC4B008026B5 /* Products */;
			projectDirPath = "";
			projectRoot = "";
			targets = (
				76F6D3D82445FC4B008026B5 /* AEFetchedResultsControllerApp */,
			);
		};
/* End PBXProject section */

/* Begin PBXResourcesBuildPhase section */
		76F6D3D72445FC4B008026B5 /* Resources */ = {
			isa = PBXResourcesBuildPhase;
			buildActionMask = 2147483647;
			files = (
				76F6D3EC2445FC4F008026B5 /* LaunchScreen.storyboard in Resources */,
				76F6D3E92445FC4F008026B5 /* Assets.xcassets in Resources */,
				76F6D3E42445FC4B008026B5 /* Main.storyboard in Resources */,
			);
			runOnlyForDeploymentPostprocessing = 0;
		};
/* End PBXResourcesBuildPhase section */

/* Begin PBXSourcesBuildPhase section */
		76F6D3D52445FC4B008026B5 /* Sources */ = {
			isa = PBXSourcesBuildPhase;
			buildActionMask = 2147483647;
			files = (
				76F6D401244602F1008026B5 /* Person+CoreDataClass.swift in Sources */,
				76F6D3DD2445FC4B008026B5 /* AppDelegate.swift in Sources */,
				76F6D3E72445FC4B008026B5 /* AEFetchedResultsControllerApp.xcdatamodeld in Sources */,
				76F6D40724460379008026B5 /* TableViewController.swift in Sources */,
				764A123B24460E030066EDDB /* DBManager.swift in Sources */,
				764A123D244614A50066EDDB /* CarOwnerCell.swift in Sources */,
				76F6D402244602F1008026B5 /* Car+CoreDataClass.swift in Sources */,
				76F6D403244602F1008026B5 /* Person+CoreDataProperties.swift in Sources */,
				76F6D400244602F1008026B5 /* Car+CoreDataProperties.swift in Sources */,
				76F6D3DF2445FC4B008026B5 /* SceneDelegate.swift in Sources */,
			);
			runOnlyForDeploymentPostprocessing = 0;
		};
/* End PBXSourcesBuildPhase section */

/* Begin PBXVariantGroup section */
		76F6D3E22445FC4B008026B5 /* Main.storyboard */ = {
			isa = PBXVariantGroup;
			children = (
				76F6D3E32445FC4B008026B5 /* Base */,
			);
			name = Main.storyboard;
			sourceTree = "<group>";
		};
		76F6D3EA2445FC4F008026B5 /* LaunchScreen.storyboard */ = {
			isa = PBXVariantGroup;
			children = (
				76F6D3EB2445FC4F008026B5 /* Base */,
			);
			name = LaunchScreen.storyboard;
			sourceTree = "<group>";
		};
/* End PBXVariantGroup section */

/* Begin XCBuildConfiguration section */
		76F6D3EE2445FC4F008026B5 /* Debug */ = {
			isa = XCBuildConfiguration;
			buildSettings = {
				ALWAYS_SEARCH_USER_PATHS = NO;
				CLANG_ANALYZER_NONNULL = YES;
				CLANG_ANALYZER_NUMBER_OBJECT_CONVERSION = YES_AGGRESSIVE;
				CLANG_CXX_LANGUAGE_STANDARD = "gnu++14";
				CLANG_CXX_LIBRARY = "libc++";
				CLANG_ENABLE_MODULES = YES;
				CLANG_ENABLE_OBJC_ARC = YES;
				CLANG_ENABLE_OBJC_WEAK = YES;
				CLANG_WARN_BLOCK_CAPTURE_AUTORELEASING = YES;
				CLANG_WARN_BOOL_CONVERSION = YES;
				CLANG_WARN_COMMA = YES;
				CLANG_WARN_CONSTANT_CONVERSION = YES;
				CLANG_WARN_DEPRECATED_OBJC_IMPLEMENTATIONS = YES;
				CLANG_WARN_DIRECT_OBJC_ISA_USAGE = YES_ERROR;
				CLANG_WARN_DOCUMENTATION_COMMENTS = YES;
				CLANG_WARN_EMPTY_BODY = YES;
				CLANG_WARN_ENUM_CONVERSION = YES;
				CLANG_WARN_INFINITE_RECURSION = YES;
				CLANG_WARN_INT_CONVERSION = YES;
				CLANG_WARN_NON_LITERAL_NULL_CONVERSION = YES;
				CLANG_WARN_OBJC_IMPLICIT_RETAIN_SELF = YES;
				CLANG_WARN_OBJC_LITERAL_CONVERSION = YES;
				CLANG_WARN_OBJC_ROOT_CLASS = YES_ERROR;
				CLANG_WARN_RANGE_LOOP_ANALYSIS = YES;
				CLANG_WARN_STRICT_PROTOTYPES = YES;
				CLANG_WARN_SUSPICIOUS_MOVE = YES;
				CLANG_WARN_UNGUARDED_AVAILABILITY = YES_AGGRESSIVE;
				CLANG_WARN_UNREACHABLE_CODE = YES;
				CLANG_WARN__DUPLICATE_METHOD_MATCH = YES;
				COPY_PHASE_STRIP = NO;
				DEBUG_INFORMATION_FORMAT = dwarf;
				ENABLE_STRICT_OBJC_MSGSEND = YES;
				ENABLE_TESTABILITY = YES;
				GCC_C_LANGUAGE_STANDARD = gnu11;
				GCC_DYNAMIC_NO_PIC = NO;
				GCC_NO_COMMON_BLOCKS = YES;
				GCC_OPTIMIZATION_LEVEL = 0;
				GCC_PREPROCESSOR_DEFINITIONS = (
					"DEBUG=1",
					"$(inherited)",
				);
				GCC_WARN_64_TO_32_BIT_CONVERSION = YES;
				GCC_WARN_ABOUT_RETURN_TYPE = YES_ERROR;
				GCC_WARN_UNDECLARED_SELECTOR = YES;
				GCC_WARN_UNINITIALIZED_AUTOS = YES_AGGRESSIVE;
				GCC_WARN_UNUSED_FUNCTION = YES;
				GCC_WARN_UNUSED_VARIABLE = YES;
				IPHONEOS_DEPLOYMENT_TARGET = 13.4;
				MTL_ENABLE_DEBUG_INFO = INCLUDE_SOURCE;
				MTL_FAST_MATH = YES;
				ONLY_ACTIVE_ARCH = YES;
				SDKROOT = iphoneos;
				SWIFT_ACTIVE_COMPILATION_CONDITIONS = DEBUG;
				SWIFT_OPTIMIZATION_LEVEL = "-Onone";
			};
			name = Debug;
		};
		76F6D3EF2445FC4F008026B5 /* Release */ = {
			isa = XCBuildConfiguration;
			buildSettings = {
				ALWAYS_SEARCH_USER_PATHS = NO;
				CLANG_ANALYZER_NONNULL = YES;
				CLANG_ANALYZER_NUMBER_OBJECT_CONVERSION = YES_AGGRESSIVE;
				CLANG_CXX_LANGUAGE_STANDARD = "gnu++14";
				CLANG_CXX_LIBRARY = "libc++";
				CLANG_ENABLE_MODULES = YES;
				CLANG_ENABLE_OBJC_ARC = YES;
				CLANG_ENABLE_OBJC_WEAK = YES;
				CLANG_WARN_BLOCK_CAPTURE_AUTORELEASING = YES;
				CLANG_WARN_BOOL_CONVERSION = YES;
				CLANG_WARN_COMMA = YES;
				CLANG_WARN_CONSTANT_CONVERSION = YES;
				CLANG_WARN_DEPRECATED_OBJC_IMPLEMENTATIONS = YES;
				CLANG_WARN_DIRECT_OBJC_ISA_USAGE = YES_ERROR;
				CLANG_WARN_DOCUMENTATION_COMMENTS = YES;
				CLANG_WARN_EMPTY_BODY = YES;
				CLANG_WARN_ENUM_CONVERSION = YES;
				CLANG_WARN_INFINITE_RECURSION = YES;
				CLANG_WARN_INT_CONVERSION = YES;
				CLANG_WARN_NON_LITERAL_NULL_CONVERSION = YES;
				CLANG_WARN_OBJC_IMPLICIT_RETAIN_SELF = YES;
				CLANG_WARN_OBJC_LITERAL_CONVERSION = YES;
				CLANG_WARN_OBJC_ROOT_CLASS = YES_ERROR;
				CLANG_WARN_RANGE_LOOP_ANALYSIS = YES;
				CLANG_WARN_STRICT_PROTOTYPES = YES;
				CLANG_WARN_SUSPICIOUS_MOVE = YES;
				CLANG_WARN_UNGUARDED_AVAILABILITY = YES_AGGRESSIVE;
				CLANG_WARN_UNREACHABLE_CODE = YES;
				CLANG_WARN__DUPLICATE_METHOD_MATCH = YES;
				COPY_PHASE_STRIP = NO;
				DEBUG_INFORMATION_FORMAT = "dwarf-with-dsym";
				ENABLE_NS_ASSERTIONS = NO;
				ENABLE_STRICT_OBJC_MSGSEND = YES;
				GCC_C_LANGUAGE_STANDARD = gnu11;
				GCC_NO_COMMON_BLOCKS = YES;
				GCC_WARN_64_TO_32_BIT_CONVERSION = YES;
				GCC_WARN_ABOUT_RETURN_TYPE = YES_ERROR;
				GCC_WARN_UNDECLARED_SELECTOR = YES;
				GCC_WARN_UNINITIALIZED_AUTOS = YES_AGGRESSIVE;
				GCC_WARN_UNUSED_FUNCTION = YES;
				GCC_WARN_UNUSED_VARIABLE = YES;
				IPHONEOS_DEPLOYMENT_TARGET = 13.4;
				MTL_ENABLE_DEBUG_INFO = NO;
				MTL_FAST_MATH = YES;
				SDKROOT = iphoneos;
				SWIFT_COMPILATION_MODE = wholemodule;
				SWIFT_OPTIMIZATION_LEVEL = "-O";
				VALIDATE_PRODUCT = YES;
			};
			name = Release;
		};
		76F6D3F12445FC4F008026B5 /* Debug */ = {
			isa = XCBuildConfiguration;
			buildSettings = {
				ASSETCATALOG_COMPILER_APPICON_NAME = AppIcon;
				CODE_SIGN_STYLE = Automatic;
				DEVELOPMENT_TEAM = S7T2CRG623;
				INFOPLIST_FILE = AEFetchedResultsControllerApp/Info.plist;
				LD_RUNPATH_SEARCH_PATHS = (
					"$(inherited)",
					"@executable_path/Frameworks",
				);
				PRODUCT_BUNDLE_IDENTIFIER = com.amirrezaeghtedari.AEFetchedResultsControllerApp;
				PRODUCT_NAME = "$(TARGET_NAME)";
				SWIFT_VERSION = 5.0;
				TARGETED_DEVICE_FAMILY = "1,2";
			};
			name = Debug;
		};
		76F6D3F22445FC4F008026B5 /* Release */ = {
			isa = XCBuildConfiguration;
			buildSettings = {
				ASSETCATALOG_COMPILER_APPICON_NAME = AppIcon;
				CODE_SIGN_STYLE = Automatic;
				DEVELOPMENT_TEAM = S7T2CRG623;
				INFOPLIST_FILE = AEFetchedResultsControllerApp/Info.plist;
				LD_RUNPATH_SEARCH_PATHS = (
					"$(inherited)",
					"@executable_path/Frameworks",
				);
				PRODUCT_BUNDLE_IDENTIFIER = com.amirrezaeghtedari.AEFetchedResultsControllerApp;
				PRODUCT_NAME = "$(TARGET_NAME)";
				SWIFT_VERSION = 5.0;
				TARGETED_DEVICE_FAMILY = "1,2";
			};
			name = Release;
		};
/* End XCBuildConfiguration section */

/* Begin XCConfigurationList section */
		76F6D3D42445FC4B008026B5 /* Build configuration list for PBXProject "AEFetchedResultsControllerApp" */ = {
			isa = XCConfigurationList;
			buildConfigurations = (
				76F6D3EE2445FC4F008026B5 /* Debug */,
				76F6D3EF2445FC4F008026B5 /* Release */,
			);
			defaultConfigurationIsVisible = 0;
			defaultConfigurationName = Release;
		};
		76F6D3F02445FC4F008026B5 /* Build configuration list for PBXNativeTarget "AEFetchedResultsControllerApp" */ = {
			isa = XCConfigurationList;
			buildConfigurations = (
				76F6D3F12445FC4F008026B5 /* Debug */,
				76F6D3F22445FC4F008026B5 /* Release */,
			);
			defaultConfigurationIsVisible = 0;
			defaultConfigurationName = Release;
		};
/* End XCConfigurationList section */

/* Begin XCVersionGroup section */
		76F6D3E52445FC4B008026B5 /* AEFetchedResultsControllerApp.xcdatamodeld */ = {
			isa = XCVersionGroup;
			children = (
				76F6D3E62445FC4B008026B5 /* AEFetchedResultsControllerApp.xcdatamodel */,
			);
			currentVersion = 76F6D3E62445FC4B008026B5 /* AEFetchedResultsControllerApp.xcdatamodel */;
			path = AEFetchedResultsControllerApp.xcdatamodeld;
			sourceTree = "<group>";
			versionGroupType = wrapper.xcdatamodel;
		};
/* End XCVersionGroup section */
	};
	rootObject = 76F6D3D12445FC4B008026B5 /* Project object */;
}
