// !$*UTF8*$!
{
	archiveVersion = 1;
	classes = {
	};
	objectVersion = 50;
	objects = {

/* Begin PBXBuildFile section */
		763690CA244F1E06002A7041 /* OwnershipPresenterInterface.swift in Sources */ = {isa = PBXBuildFile; fileRef = 763690C9244F1E06002A7041 /* OwnershipPresenterInterface.swift */; };
		763690CC244F1E1B002A7041 /* OwnershipPresenterDelegate.swift in Sources */ = {isa = PBXBuildFile; fileRef = 763690CB244F1E1B002A7041 /* OwnershipPresenterDelegate.swift */; };
		763690CE244F1F28002A7041 /* OwnershipViewModel.swift in Sources */ = {isa = PBXBuildFile; fileRef = 763690CD244F1F28002A7041 /* OwnershipViewModel.swift */; };
		763690D1244F1F6C002A7041 /* CarViewModel.swift in Sources */ = {isa = PBXBuildFile; fileRef = 763690D0244F1F6C002A7041 /* CarViewModel.swift */; };
		763690D3244F1F76002A7041 /* PersonViewModel.swift in Sources */ = {isa = PBXBuildFile; fileRef = 763690D2244F1F76002A7041 /* PersonViewModel.swift */; };
		763690D5244F1F85002A7041 /* ManufactrurerViewModel.swift in Sources */ = {isa = PBXBuildFile; fileRef = 763690D4244F1F85002A7041 /* ManufactrurerViewModel.swift */; };
		764A123B24460E030066EDDB /* OwnershipDataProvider.swift in Sources */ = {isa = PBXBuildFile; fileRef = 764A123A24460E030066EDDB /* OwnershipDataProvider.swift */; };
		764A123D244614A50066EDDB /* CarOwnerCell.swift in Sources */ = {isa = PBXBuildFile; fileRef = 764A123C244614A50066EDDB /* CarOwnerCell.swift */; };
		764D87112451809D00838446 /* SecondViewController.swift in Sources */ = {isa = PBXBuildFile; fileRef = 764D870F2451809D00838446 /* SecondViewController.swift */; };
		764D87122451809D00838446 /* SecondViewController.xib in Resources */ = {isa = PBXBuildFile; fileRef = 764D87102451809D00838446 /* SecondViewController.xib */; };
		7683B9F62448213400B4B3F1 /* Car.swift in Sources */ = {isa = PBXBuildFile; fileRef = 7683B9F52448213400B4B3F1 /* Car.swift */; };
		7683B9F8244821A800B4B3F1 /* Person.swift in Sources */ = {isa = PBXBuildFile; fileRef = 7683B9F7244821A800B4B3F1 /* Person.swift */; };
		7683B9FA244821F500B4B3F1 /* Manufacturer.swift in Sources */ = {isa = PBXBuildFile; fileRef = 7683B9F9244821F500B4B3F1 /* Manufacturer.swift */; };
		7683BA012448243D00B4B3F1 /* ManagedPerson+CoreDataClass.swift in Sources */ = {isa = PBXBuildFile; fileRef = 7683B9FB2448243D00B4B3F1 /* ManagedPerson+CoreDataClass.swift */; };
		7683BA022448243D00B4B3F1 /* ManagedPerson+CoreDataProperties.swift in Sources */ = {isa = PBXBuildFile; fileRef = 7683B9FC2448243D00B4B3F1 /* ManagedPerson+CoreDataProperties.swift */; };
		7683BA032448243D00B4B3F1 /* ManagedCar+CoreDataClass.swift in Sources */ = {isa = PBXBuildFile; fileRef = 7683B9FD2448243D00B4B3F1 /* ManagedCar+CoreDataClass.swift */; };
		7683BA042448243D00B4B3F1 /* ManagedCar+CoreDataProperties.swift in Sources */ = {isa = PBXBuildFile; fileRef = 7683B9FE2448243D00B4B3F1 /* ManagedCar+CoreDataProperties.swift */; };
		7683BA052448243D00B4B3F1 /* ManagedManufacturer+CoreDataClass.swift in Sources */ = {isa = PBXBuildFile; fileRef = 7683B9FF2448243D00B4B3F1 /* ManagedManufacturer+CoreDataClass.swift */; };
		7683BA062448243D00B4B3F1 /* ManagedManufacturer+CoreDataProperties.swift in Sources */ = {isa = PBXBuildFile; fileRef = 7683BA002448243D00B4B3F1 /* ManagedManufacturer+CoreDataProperties.swift */; };
		76925F32245077C200A593AC /* DBManager.swift in Sources */ = {isa = PBXBuildFile; fileRef = 76925F31245077C100A593AC /* DBManager.swift */; };
		769681B4244710BD00BC1477 /* AEModelChangeType.swift in Sources */ = {isa = PBXBuildFile; fileRef = 769681AF244710BD00BC1477 /* AEModelChangeType.swift */; };
		76B807D624485191007D8D40 /* OwnershipDataProviderInterface.swift in Sources */ = {isa = PBXBuildFile; fileRef = 76B807D524485191007D8D40 /* OwnershipDataProviderInterface.swift */; };
		76B807D8244851B2007D8D40 /* OwnershipDataProviderDelegate.swift in Sources */ = {isa = PBXBuildFile; fileRef = 76B807D7244851B2007D8D40 /* OwnershipDataProviderDelegate.swift */; };
		76B807DE24486256007D8D40 /* Ownership.swift in Sources */ = {isa = PBXBuildFile; fileRef = 76B807DD24486256007D8D40 /* Ownership.swift */; };
		76C1C7A5244F1B0C000056F0 /* OwnershipPresenter.swift in Sources */ = {isa = PBXBuildFile; fileRef = 76C1C7A4244F1B0C000056F0 /* OwnershipPresenter.swift */; };
		76F6D3DD2445FC4B008026B5 /* AppDelegate.swift in Sources */ = {isa = PBXBuildFile; fileRef = 76F6D3DC2445FC4B008026B5 /* AppDelegate.swift */; };
		76F6D3DF2445FC4B008026B5 /* SceneDelegate.swift in Sources */ = {isa = PBXBuildFile; fileRef = 76F6D3DE2445FC4B008026B5 /* SceneDelegate.swift */; };
		76F6D3E42445FC4B008026B5 /* Main.storyboard in Resources */ = {isa = PBXBuildFile; fileRef = 76F6D3E22445FC4B008026B5 /* Main.storyboard */; };
		76F6D3E72445FC4B008026B5 /* DBDataModel.xcdatamodeld in Sources */ = {isa = PBXBuildFile; fileRef = 76F6D3E52445FC4B008026B5 /* DBDataModel.xcdatamodeld */; };
		76F6D3E92445FC4F008026B5 /* Assets.xcassets in Resources */ = {isa = PBXBuildFile; fileRef = 76F6D3E82445FC4F008026B5 /* Assets.xcassets */; };
		76F6D3EC2445FC4F008026B5 /* LaunchScreen.storyboard in Resources */ = {isa = PBXBuildFile; fileRef = 76F6D3EA2445FC4F008026B5 /* LaunchScreen.storyboard */; };
		76F6D40724460379008026B5 /* OwnershipTableViewController.swift in Sources */ = {isa = PBXBuildFile; fileRef = 76F6D40624460379008026B5 /* OwnershipTableViewController.swift */; };
/* End PBXBuildFile section */

/* Begin PBXFileReference section */
		763690C9244F1E06002A7041 /* OwnershipPresenterInterface.swift */ = {isa = PBXFileReference; lastKnownFileType = sourcecode.swift; path = OwnershipPresenterInterface.swift; sourceTree = "<group>"; };
		763690CB244F1E1B002A7041 /* OwnershipPresenterDelegate.swift */ = {isa = PBXFileReference; lastKnownFileType = sourcecode.swift; path = OwnershipPresenterDelegate.swift; sourceTree = "<group>"; };
		763690CD244F1F28002A7041 /* OwnershipViewModel.swift */ = {isa = PBXFileReference; lastKnownFileType = sourcecode.swift; path = OwnershipViewModel.swift; sourceTree = "<group>"; };
		763690D0244F1F6C002A7041 /* CarViewModel.swift */ = {isa = PBXFileReference; lastKnownFileType = sourcecode.swift; path = CarViewModel.swift; sourceTree = "<group>"; };
		763690D2244F1F76002A7041 /* PersonViewModel.swift */ = {isa = PBXFileReference; lastKnownFileType = sourcecode.swift; path = PersonViewModel.swift; sourceTree = "<group>"; };
		763690D4244F1F85002A7041 /* ManufactrurerViewModel.swift */ = {isa = PBXFileReference; lastKnownFileType = sourcecode.swift; path = ManufactrurerViewModel.swift; sourceTree = "<group>"; };
		764A123A24460E030066EDDB /* OwnershipDataProvider.swift */ = {isa = PBXFileReference; lastKnownFileType = sourcecode.swift; path = OwnershipDataProvider.swift; sourceTree = "<group>"; };
		764A123C244614A50066EDDB /* CarOwnerCell.swift */ = {isa = PBXFileReference; lastKnownFileType = sourcecode.swift; path = CarOwnerCell.swift; sourceTree = "<group>"; };
		764D870F2451809D00838446 /* SecondViewController.swift */ = {isa = PBXFileReference; lastKnownFileType = sourcecode.swift; path = SecondViewController.swift; sourceTree = "<group>"; };
		764D87102451809D00838446 /* SecondViewController.xib */ = {isa = PBXFileReference; lastKnownFileType = file.xib; path = SecondViewController.xib; sourceTree = "<group>"; };
		7683B9F52448213400B4B3F1 /* Car.swift */ = {isa = PBXFileReference; lastKnownFileType = sourcecode.swift; path = Car.swift; sourceTree = "<group>"; };
		7683B9F7244821A800B4B3F1 /* Person.swift */ = {isa = PBXFileReference; lastKnownFileType = sourcecode.swift; path = Person.swift; sourceTree = "<group>"; };
		7683B9F9244821F500B4B3F1 /* Manufacturer.swift */ = {isa = PBXFileReference; lastKnownFileType = sourcecode.swift; path = Manufacturer.swift; sourceTree = "<group>"; };
		7683B9FB2448243D00B4B3F1 /* ManagedPerson+CoreDataClass.swift */ = {isa = PBXFileReference; lastKnownFileType = sourcecode.swift; path = "ManagedPerson+CoreDataClass.swift"; sourceTree = "<group>"; };
		7683B9FC2448243D00B4B3F1 /* ManagedPerson+CoreDataProperties.swift */ = {isa = PBXFileReference; lastKnownFileType = sourcecode.swift; path = "ManagedPerson+CoreDataProperties.swift"; sourceTree = "<group>"; };
		7683B9FD2448243D00B4B3F1 /* ManagedCar+CoreDataClass.swift */ = {isa = PBXFileReference; lastKnownFileType = sourcecode.swift; path = "ManagedCar+CoreDataClass.swift"; sourceTree = "<group>"; };
		7683B9FE2448243D00B4B3F1 /* ManagedCar+CoreDataProperties.swift */ = {isa = PBXFileReference; lastKnownFileType = sourcecode.swift; path = "ManagedCar+CoreDataProperties.swift"; sourceTree = "<group>"; };
		7683B9FF2448243D00B4B3F1 /* ManagedManufacturer+CoreDataClass.swift */ = {isa = PBXFileReference; lastKnownFileType = sourcecode.swift; path = "ManagedManufacturer+CoreDataClass.swift"; sourceTree = "<group>"; };
		7683BA002448243D00B4B3F1 /* ManagedManufacturer+CoreDataProperties.swift */ = {isa = PBXFileReference; lastKnownFileType = sourcecode.swift; path = "ManagedManufacturer+CoreDataProperties.swift"; sourceTree = "<group>"; };
		76925F31245077C100A593AC /* DBManager.swift */ = {isa = PBXFileReference; fileEncoding = 4; lastKnownFileType = sourcecode.swift; path = DBManager.swift; sourceTree = "<group>"; };
		769681AF244710BD00BC1477 /* AEModelChangeType.swift */ = {isa = PBXFileReference; fileEncoding = 4; lastKnownFileType = sourcecode.swift; path = AEModelChangeType.swift; sourceTree = "<group>"; };
		76B807D524485191007D8D40 /* OwnershipDataProviderInterface.swift */ = {isa = PBXFileReference; lastKnownFileType = sourcecode.swift; path = OwnershipDataProviderInterface.swift; sourceTree = "<group>"; };
		76B807D7244851B2007D8D40 /* OwnershipDataProviderDelegate.swift */ = {isa = PBXFileReference; lastKnownFileType = sourcecode.swift; path = OwnershipDataProviderDelegate.swift; sourceTree = "<group>"; };
		76B807DD24486256007D8D40 /* Ownership.swift */ = {isa = PBXFileReference; lastKnownFileType = sourcecode.swift; path = Ownership.swift; sourceTree = "<group>"; };
		76C1C7A4244F1B0C000056F0 /* OwnershipPresenter.swift */ = {isa = PBXFileReference; lastKnownFileType = sourcecode.swift; path = OwnershipPresenter.swift; sourceTree = "<group>"; };
		76F6D3D92445FC4B008026B5 /* AEFetchedResultsControllerApp.app */ = {isa = PBXFileReference; explicitFileType = wrapper.application; includeInIndex = 0; path = AEFetchedResultsControllerApp.app; sourceTree = BUILT_PRODUCTS_DIR; };
		76F6D3DC2445FC4B008026B5 /* AppDelegate.swift */ = {isa = PBXFileReference; lastKnownFileType = sourcecode.swift; path = AppDelegate.swift; sourceTree = "<group>"; };
		76F6D3DE2445FC4B008026B5 /* SceneDelegate.swift */ = {isa = PBXFileReference; lastKnownFileType = sourcecode.swift; path = SceneDelegate.swift; sourceTree = "<group>"; };
		76F6D3E32445FC4B008026B5 /* Base */ = {isa = PBXFileReference; lastKnownFileType = file.storyboard; name = Base; path = Base.lproj/Main.storyboard; sourceTree = "<group>"; };
		76F6D3E62445FC4B008026B5 /* AEFetchedResultsControllerApp.xcdatamodel */ = {isa = PBXFileReference; lastKnownFileType = wrapper.xcdatamodel; path = AEFetchedResultsControllerApp.xcdatamodel; sourceTree = "<group>"; };
		76F6D3E82445FC4F008026B5 /* Assets.xcassets */ = {isa = PBXFileReference; lastKnownFileType = folder.assetcatalog; path = Assets.xcassets; sourceTree = "<group>"; };
		76F6D3EB2445FC4F008026B5 /* Base */ = {isa = PBXFileReference; lastKnownFileType = file.storyboard; name = Base; path = Base.lproj/LaunchScreen.storyboard; sourceTree = "<group>"; };
		76F6D3ED2445FC4F008026B5 /* Info.plist */ = {isa = PBXFileReference; lastKnownFileType = text.plist.xml; path = Info.plist; sourceTree = "<group>"; };
		76F6D40624460379008026B5 /* OwnershipTableViewController.swift */ = {isa = PBXFileReference; lastKnownFileType = sourcecode.swift; path = OwnershipTableViewController.swift; sourceTree = "<group>"; };
/* End PBXFileReference section */

/* Begin PBXFrameworksBuildPhase section */
		76F6D3D62445FC4B008026B5 /* Frameworks */ = {
			isa = PBXFrameworksBuildPhase;
			buildActionMask = 2147483647;
			files = (
			);
			runOnlyForDeploymentPostprocessing = 0;
		};
/* End PBXFrameworksBuildPhase section */

/* Begin PBXGroup section */
		763690CF244F1F5F002A7041 /* ViewModel */ = {
			isa = PBXGroup;
			children = (
				763690D0244F1F6C002A7041 /* CarViewModel.swift */,
				763690D2244F1F76002A7041 /* PersonViewModel.swift */,
				763690D4244F1F85002A7041 /* ManufactrurerViewModel.swift */,
				763690CD244F1F28002A7041 /* OwnershipViewModel.swift */,
			);
			path = ViewModel;
			sourceTree = "<group>";
		};
		7683B9F42448212000B4B3F1 /* AppEntities */ = {
			isa = PBXGroup;
			children = (
				7683B9F52448213400B4B3F1 /* Car.swift */,
				7683B9F7244821A800B4B3F1 /* Person.swift */,
				7683B9F9244821F500B4B3F1 /* Manufacturer.swift */,
				76B807DD24486256007D8D40 /* Ownership.swift */,
			);
			path = AppEntities;
			sourceTree = "<group>";
		};
		76925F30245076DE00A593AC /* AppSupport */ = {
			isa = PBXGroup;
			children = (
				76F6D3DC2445FC4B008026B5 /* AppDelegate.swift */,
				76F6D3DE2445FC4B008026B5 /* SceneDelegate.swift */,
				76F6D3E82445FC4F008026B5 /* Assets.xcassets */,
			);
			path = AppSupport;
			sourceTree = "<group>";
		};
		76925F33245077DB00A593AC /* DataPersistency */ = {
			isa = PBXGroup;
			children = (
				76925F31245077C100A593AC /* DBManager.swift */,
				76F6D3E52445FC4B008026B5 /* DBDataModel.xcdatamodeld */,
				76F6D3FB244602F0008026B5 /* ManagedObjects */,
			);
			path = DataPersistency;
			sourceTree = "<group>";
		};
		76925F342450784E00A593AC /* Storyboards */ = {
			isa = PBXGroup;
			children = (
				76F6D3E22445FC4B008026B5 /* Main.storyboard */,
				76F6D3EA2445FC4F008026B5 /* LaunchScreen.storyboard */,
				764D870F2451809D00838446 /* SecondViewController.swift */,
				764D87102451809D00838446 /* SecondViewController.xib */,
			);
			path = Storyboards;
			sourceTree = "<group>";
		};
		769681AE244710BD00BC1477 /* AETypes */ = {
			isa = PBXGroup;
			children = (
				769681AF244710BD00BC1477 /* AEModelChangeType.swift */,
			);
			path = AETypes;
			sourceTree = "<group>";
		};
		76B807D42448516A007D8D40 /* DataProvider */ = {
			isa = PBXGroup;
			children = (
				76B807D524485191007D8D40 /* OwnershipDataProviderInterface.swift */,
				764A123A24460E030066EDDB /* OwnershipDataProvider.swift */,
				76B807D7244851B2007D8D40 /* OwnershipDataProviderDelegate.swift */,
			);
			path = DataProvider;
			sourceTree = "<group>";
		};
		76C1C7A1244F1AC9000056F0 /* Ownership */ = {
			isa = PBXGroup;
			children = (
				76C1C7A2244F1ADC000056F0 /* View */,
				76C1C7A3244F1AEB000056F0 /* Presenter */,
				76B807D42448516A007D8D40 /* DataProvider */,
			);
			path = Ownership;
			sourceTree = "<group>";
		};
		76C1C7A2244F1ADC000056F0 /* View */ = {
			isa = PBXGroup;
			children = (
				76F6D40624460379008026B5 /* OwnershipTableViewController.swift */,
				764A123C244614A50066EDDB /* CarOwnerCell.swift */,
			);
			path = View;
			sourceTree = "<group>";
		};
		76C1C7A3244F1AEB000056F0 /* Presenter */ = {
			isa = PBXGroup;
			children = (
				763690C9244F1E06002A7041 /* OwnershipPresenterInterface.swift */,
				76C1C7A4244F1B0C000056F0 /* OwnershipPresenter.swift */,
				763690CB244F1E1B002A7041 /* OwnershipPresenterDelegate.swift */,
				763690CF244F1F5F002A7041 /* ViewModel */,
			);
			path = Presenter;
			sourceTree = "<group>";
		};
		76F6D3D02445FC4B008026B5 = {
			isa = PBXGroup;
			children = (
				76F6D3DB2445FC4B008026B5 /* AEFetchedResultsControllerApp */,
				76F6D3DA2445FC4B008026B5 /* Products */,
			);
			sourceTree = "<group>";
		};
		76F6D3DA2445FC4B008026B5 /* Products */ = {
			isa = PBXGroup;
			children = (
				76F6D3D92445FC4B008026B5 /* AEFetchedResultsControllerApp.app */,
			);
			name = Products;
			sourceTree = "<group>";
		};
		76F6D3DB2445FC4B008026B5 /* AEFetchedResultsControllerApp */ = {
			isa = PBXGroup;
			children = (
				76925F30245076DE00A593AC /* AppSupport */,
				7683B9F42448212000B4B3F1 /* AppEntities */,
				76C1C7A1244F1AC9000056F0 /* Ownership */,
				76925F33245077DB00A593AC /* DataPersistency */,
				76925F342450784E00A593AC /* Storyboards */,
				769681AE244710BD00BC1477 /* AETypes */,
				76F6D3ED2445FC4F008026B5 /* Info.plist */,
			);
			path = AEFetchedResultsControllerApp;
			sourceTree = "<group>";
		};
		76F6D3FB244602F0008026B5 /* ManagedObjects */ = {
			isa = PBXGroup;
			children = (
				7683B9FB2448243D00B4B3F1 /* ManagedPerson+CoreDataClass.swift */,
				7683B9FC2448243D00B4B3F1 /* ManagedPerson+CoreDataProperties.swift */,
				7683B9FD2448243D00B4B3F1 /* ManagedCar+CoreDataClass.swift */,
				7683B9FE2448243D00B4B3F1 /* ManagedCar+CoreDataProperties.swift */,
				7683B9FF2448243D00B4B3F1 /* ManagedManufacturer+CoreDataClass.swift */,
				7683BA002448243D00B4B3F1 /* ManagedManufacturer+CoreDataProperties.swift */,
			);
			path = ManagedObjects;
			sourceTree = "<group>";
		};
/* End PBXGroup section */

/* Begin PBXNativeTarget section */
		76F6D3D82445FC4B008026B5 /* AEFetchedResultsControllerApp */ = {
			isa = PBXNativeTarget;
			buildConfigurationList = 76F6D3F02445FC4F008026B5 /* Build configuration list for PBXNativeTarget "AEFetchedResultsControllerApp" */;
			buildPhases = (
				76F6D3D52445FC4B008026B5 /* Sources */,
				76F6D3D62445FC4B008026B5 /* Frameworks */,
				76F6D3D72445FC4B008026B5 /* Resources */,
			);
			buildRules = (
			);
			dependencies = (
			);
			name = AEFetchedResultsControllerApp;
			productName = AEFetchedResultsControllerApp;
			productReference = 76F6D3D92445FC4B008026B5 /* AEFetchedResultsControllerApp.app */;
			productType = "com.apple.product-type.application";
		};
/* End PBXNativeTarget section */

/* Begin PBXProject section */
		76F6D3D12445FC4B008026B5 /* Project object */ = {
			isa = PBXProject;
			attributes = {
				LastSwiftUpdateCheck = 1140;
				LastUpgradeCheck = 1140;
				ORGANIZATIONNAME = "Amirreza Eghtedari";
				TargetAttributes = {
					76F6D3D82445FC4B008026B5 = {
						CreatedOnToolsVersion = 11.4;
					};
				};
			};
			buildConfigurationList = 76F6D3D42445FC4B008026B5 /* Build configuration list for PBXProject "AEFetchedResultsControllerApp" */;
			compatibilityVersion = "Xcode 9.3";
			developmentRegion = en;
			hasScannedForEncodings = 0;
			knownRegions = (
				en,
				Base,
			);
			mainGroup = 76F6D3D02445FC4B008026B5;
			productRefGroup = 76F6D3DA2445FC4B008026B5 /* Products */;
			projectDirPath = "";
			projectRoot = "";
			targets = (
				76F6D3D82445FC4B008026B5 /* AEFetchedResultsControllerApp */,
			);
		};
/* End PBXProject section */

/* Begin PBXResourcesBuildPhase section */
		76F6D3D72445FC4B008026B5 /* Resources */ = {
			isa = PBXResourcesBuildPhase;
			buildActionMask = 2147483647;
			files = (
				764D87122451809D00838446 /* SecondViewController.xib in Resources */,
				76F6D3EC2445FC4F008026B5 /* LaunchScreen.storyboard in Resources */,
				76F6D3E92445FC4F008026B5 /* Assets.xcassets in Resources */,
				76F6D3E42445FC4B008026B5 /* Main.storyboard in Resources */,
			);
			runOnlyForDeploymentPostprocessing = 0;
		};
/* End PBXResourcesBuildPhase section */

/* Begin PBXSourcesBuildPhase section */
		76F6D3D52445FC4B008026B5 /* Sources */ = {
			isa = PBXSourcesBuildPhase;
			buildActionMask = 2147483647;
			files = (
				7683BA032448243D00B4B3F1 /* ManagedCar+CoreDataClass.swift in Sources */,
				7683B9F8244821A800B4B3F1 /* Person.swift in Sources */,
				7683BA042448243D00B4B3F1 /* ManagedCar+CoreDataProperties.swift in Sources */,
				7683BA052448243D00B4B3F1 /* ManagedManufacturer+CoreDataClass.swift in Sources */,
				764D87112451809D00838446 /* SecondViewController.swift in Sources */,
				76B807D624485191007D8D40 /* OwnershipDataProviderInterface.swift in Sources */,
				763690D3244F1F76002A7041 /* PersonViewModel.swift in Sources */,
				7683BA012448243D00B4B3F1 /* ManagedPerson+CoreDataClass.swift in Sources */,
				76B807DE24486256007D8D40 /* Ownership.swift in Sources */,
				76F6D3DD2445FC4B008026B5 /* AppDelegate.swift in Sources */,
				763690CE244F1F28002A7041 /* OwnershipViewModel.swift in Sources */,
				76F6D3E72445FC4B008026B5 /* DBDataModel.xcdatamodeld in Sources */,
				76F6D40724460379008026B5 /* OwnershipTableViewController.swift in Sources */,
				764A123B24460E030066EDDB /* OwnershipDataProvider.swift in Sources */,
				764A123D244614A50066EDDB /* CarOwnerCell.swift in Sources */,
				7683B9FA244821F500B4B3F1 /* Manufacturer.swift in Sources */,
				763690CA244F1E06002A7041 /* OwnershipPresenterInterface.swift in Sources */,
				763690D1244F1F6C002A7041 /* CarViewModel.swift in Sources */,
				7683B9F62448213400B4B3F1 /* Car.swift in Sources */,
				7683BA022448243D00B4B3F1 /* ManagedPerson+CoreDataProperties.swift in Sources */,
				76B807D8244851B2007D8D40 /* OwnershipDataProviderDelegate.swift in Sources */,
				769681B4244710BD00BC1477 /* AEModelChangeType.swift in Sources */,
				76C1C7A5244F1B0C000056F0 /* OwnershipPresenter.swift in Sources */,
				76925F32245077C200A593AC /* DBManager.swift in Sources */,
				763690CC244F1E1B002A7041 /* OwnershipPresenterDelegate.swift in Sources */,
				76F6D3DF2445FC4B008026B5 /* SceneDelegate.swift in Sources */,
				763690D5244F1F85002A7041 /* ManufactrurerViewModel.swift in Sources */,
				7683BA062448243D00B4B3F1 /* ManagedManufacturer+CoreDataProperties.swift in Sources */,
			);
			runOnlyForDeploymentPostprocessing = 0;
		};
/* End PBXSourcesBuildPhase section */

/* Begin PBXVariantGroup section */
		76F6D3E22445FC4B008026B5 /* Main.storyboard */ = {
			isa = PBXVariantGroup;
			children = (
				76F6D3E32445FC4B008026B5 /* Base */,
			);
			name = Main.storyboard;
			sourceTree = "<group>";
		};
		76F6D3EA2445FC4F008026B5 /* LaunchScreen.storyboard */ = {
			isa = PBXVariantGroup;
			children = (
				76F6D3EB2445FC4F008026B5 /* Base */,
			);
			name = LaunchScreen.storyboard;
			sourceTree = "<group>";
		};
/* End PBXVariantGroup section */

/* Begin XCBuildConfiguration section */
		76F6D3EE2445FC4F008026B5 /* Debug */ = {
			isa = XCBuildConfiguration;
			buildSettings = {
				ALWAYS_SEARCH_USER_PATHS = NO;
				CLANG_ANALYZER_NONNULL = YES;
				CLANG_ANALYZER_NUMBER_OBJECT_CONVERSION = YES_AGGRESSIVE;
				CLANG_CXX_LANGUAGE_STANDARD = "gnu++14";
				CLANG_CXX_LIBRARY = "libc++";
				CLANG_ENABLE_MODULES = YES;
				CLANG_ENABLE_OBJC_ARC = YES;
				CLANG_ENABLE_OBJC_WEAK = YES;
				CLANG_WARN_BLOCK_CAPTURE_AUTORELEASING = YES;
				CLANG_WARN_BOOL_CONVERSION = YES;
				CLANG_WARN_COMMA = YES;
				CLANG_WARN_CONSTANT_CONVERSION = YES;
				CLANG_WARN_DEPRECATED_OBJC_IMPLEMENTATIONS = YES;
				CLANG_WARN_DIRECT_OBJC_ISA_USAGE = YES_ERROR;
				CLANG_WARN_DOCUMENTATION_COMMENTS = YES;
				CLANG_WARN_EMPTY_BODY = YES;
				CLANG_WARN_ENUM_CONVERSION = YES;
				CLANG_WARN_INFINITE_RECURSION = YES;
				CLANG_WARN_INT_CONVERSION = YES;
				CLANG_WARN_NON_LITERAL_NULL_CONVERSION = YES;
				CLANG_WARN_OBJC_IMPLICIT_RETAIN_SELF = YES;
				CLANG_WARN_OBJC_LITERAL_CONVERSION = YES;
				CLANG_WARN_OBJC_ROOT_CLASS = YES_ERROR;
				CLANG_WARN_RANGE_LOOP_ANALYSIS = YES;
				CLANG_WARN_STRICT_PROTOTYPES = YES;
				CLANG_WARN_SUSPICIOUS_MOVE = YES;
				CLANG_WARN_UNGUARDED_AVAILABILITY = YES_AGGRESSIVE;
				CLANG_WARN_UNREACHABLE_CODE = YES;
				CLANG_WARN__DUPLICATE_METHOD_MATCH = YES;
				COPY_PHASE_STRIP = NO;
				DEBUG_INFORMATION_FORMAT = dwarf;
				ENABLE_STRICT_OBJC_MSGSEND = YES;
				ENABLE_TESTABILITY = YES;
				GCC_C_LANGUAGE_STANDARD = gnu11;
				GCC_DYNAMIC_NO_PIC = NO;
				GCC_NO_COMMON_BLOCKS = YES;
				GCC_OPTIMIZATION_LEVEL = 0;
				GCC_PREPROCESSOR_DEFINITIONS = (
					"DEBUG=1",
					"$(inherited)",
				);
				GCC_WARN_64_TO_32_BIT_CONVERSION = YES;
				GCC_WARN_ABOUT_RETURN_TYPE = YES_ERROR;
				GCC_WARN_UNDECLARED_SELECTOR = YES;
				GCC_WARN_UNINITIALIZED_AUTOS = YES_AGGRESSIVE;
				GCC_WARN_UNUSED_FUNCTION = YES;
				GCC_WARN_UNUSED_VARIABLE = YES;
				IPHONEOS_DEPLOYMENT_TARGET = 13.4;
				MTL_ENABLE_DEBUG_INFO = INCLUDE_SOURCE;
				MTL_FAST_MATH = YES;
				ONLY_ACTIVE_ARCH = YES;
				SDKROOT = iphoneos;
				SWIFT_ACTIVE_COMPILATION_CONDITIONS = DEBUG;
				SWIFT_OPTIMIZATION_LEVEL = "-Onone";
			};
			name = Debug;
		};
		76F6D3EF2445FC4F008026B5 /* Release */ = {
			isa = XCBuildConfiguration;
			buildSettings = {
				ALWAYS_SEARCH_USER_PATHS = NO;
				CLANG_ANALYZER_NONNULL = YES;
				CLANG_ANALYZER_NUMBER_OBJECT_CONVERSION = YES_AGGRESSIVE;
				CLANG_CXX_LANGUAGE_STANDARD = "gnu++14";
				CLANG_CXX_LIBRARY = "libc++";
				CLANG_ENABLE_MODULES = YES;
				CLANG_ENABLE_OBJC_ARC = YES;
				CLANG_ENABLE_OBJC_WEAK = YES;
				CLANG_WARN_BLOCK_CAPTURE_AUTORELEASING = YES;
				CLANG_WARN_BOOL_CONVERSION = YES;
				CLANG_WARN_COMMA = YES;
				CLANG_WARN_CONSTANT_CONVERSION = YES;
				CLANG_WARN_DEPRECATED_OBJC_IMPLEMENTATIONS = YES;
				CLANG_WARN_DIRECT_OBJC_ISA_USAGE = YES_ERROR;
				CLANG_WARN_DOCUMENTATION_COMMENTS = YES;
				CLANG_WARN_EMPTY_BODY = YES;
				CLANG_WARN_ENUM_CONVERSION = YES;
				CLANG_WARN_INFINITE_RECURSION = YES;
				CLANG_WARN_INT_CONVERSION = YES;
				CLANG_WARN_NON_LITERAL_NULL_CONVERSION = YES;
				CLANG_WARN_OBJC_IMPLICIT_RETAIN_SELF = YES;
				CLANG_WARN_OBJC_LITERAL_CONVERSION = YES;
				CLANG_WARN_OBJC_ROOT_CLASS = YES_ERROR;
				CLANG_WARN_RANGE_LOOP_ANALYSIS = YES;
				CLANG_WARN_STRICT_PROTOTYPES = YES;
				CLANG_WARN_SUSPICIOUS_MOVE = YES;
				CLANG_WARN_UNGUARDED_AVAILABILITY = YES_AGGRESSIVE;
				CLANG_WARN_UNREACHABLE_CODE = YES;
				CLANG_WARN__DUPLICATE_METHOD_MATCH = YES;
				COPY_PHASE_STRIP = NO;
				DEBUG_INFORMATION_FORMAT = "dwarf-with-dsym";
				ENABLE_NS_ASSERTIONS = NO;
				ENABLE_STRICT_OBJC_MSGSEND = YES;
				GCC_C_LANGUAGE_STANDARD = gnu11;
				GCC_NO_COMMON_BLOCKS = YES;
				GCC_WARN_64_TO_32_BIT_CONVERSION = YES;
				GCC_WARN_ABOUT_RETURN_TYPE = YES_ERROR;
				GCC_WARN_UNDECLARED_SELECTOR = YES;
				GCC_WARN_UNINITIALIZED_AUTOS = YES_AGGRESSIVE;
				GCC_WARN_UNUSED_FUNCTION = YES;
				GCC_WARN_UNUSED_VARIABLE = YES;
				IPHONEOS_DEPLOYMENT_TARGET = 13.4;
				MTL_ENABLE_DEBUG_INFO = NO;
				MTL_FAST_MATH = YES;
				SDKROOT = iphoneos;
				SWIFT_COMPILATION_MODE = wholemodule;
				SWIFT_OPTIMIZATION_LEVEL = "-O";
				VALIDATE_PRODUCT = YES;
			};
			name = Release;
		};
		76F6D3F12445FC4F008026B5 /* Debug */ = {
			isa = XCBuildConfiguration;
			buildSettings = {
				ASSETCATALOG_COMPILER_APPICON_NAME = AppIcon;
				CODE_SIGN_STYLE = Automatic;
				DEVELOPMENT_TEAM = S7T2CRG623;
				INFOPLIST_FILE = AEFetchedResultsControllerApp/Info.plist;
				LD_RUNPATH_SEARCH_PATHS = (
					"$(inherited)",
					"@executable_path/Frameworks",
				);
				PRODUCT_BUNDLE_IDENTIFIER = com.amirrezaeghtedari.AEFetchedResultsControllerApp;
				PRODUCT_NAME = "$(TARGET_NAME)";
				SWIFT_VERSION = 5.0;
				TARGETED_DEVICE_FAMILY = "1,2";
			};
			name = Debug;
		};
		76F6D3F22445FC4F008026B5 /* Release */ = {
			isa = XCBuildConfiguration;
			buildSettings = {
				ASSETCATALOG_COMPILER_APPICON_NAME = AppIcon;
				CODE_SIGN_STYLE = Automatic;
				DEVELOPMENT_TEAM = S7T2CRG623;
				INFOPLIST_FILE = AEFetchedResultsControllerApp/Info.plist;
				LD_RUNPATH_SEARCH_PATHS = (
					"$(inherited)",
					"@executable_path/Frameworks",
				);
				PRODUCT_BUNDLE_IDENTIFIER = com.amirrezaeghtedari.AEFetchedResultsControllerApp;
				PRODUCT_NAME = "$(TARGET_NAME)";
				SWIFT_VERSION = 5.0;
				TARGETED_DEVICE_FAMILY = "1,2";
			};
			name = Release;
		};
/* End XCBuildConfiguration section */

/* Begin XCConfigurationList section */
		76F6D3D42445FC4B008026B5 /* Build configuration list for PBXProject "AEFetchedResultsControllerApp" */ = {
			isa = XCConfigurationList;
			buildConfigurations = (
				76F6D3EE2445FC4F008026B5 /* Debug */,
				76F6D3EF2445FC4F008026B5 /* Release */,
			);
			defaultConfigurationIsVisible = 0;
			defaultConfigurationName = Release;
		};
		76F6D3F02445FC4F008026B5 /* Build configuration list for PBXNativeTarget "AEFetchedResultsControllerApp" */ = {
			isa = XCConfigurationList;
			buildConfigurations = (
				76F6D3F12445FC4F008026B5 /* Debug */,
				76F6D3F22445FC4F008026B5 /* Release */,
			);
			defaultConfigurationIsVisible = 0;
			defaultConfigurationName = Release;
		};
/* End XCConfigurationList section */

/* Begin XCVersionGroup section */
		76F6D3E52445FC4B008026B5 /* DBDataModel.xcdatamodeld */ = {
			isa = XCVersionGroup;
			children = (
				76F6D3E62445FC4B008026B5 /* AEFetchedResultsControllerApp.xcdatamodel */,
			);
			currentVersion = 76F6D3E62445FC4B008026B5 /* AEFetchedResultsControllerApp.xcdatamodel */;
			path = DBDataModel.xcdatamodeld;
			sourceTree = "<group>";
			versionGroupType = wrapper.xcdatamodel;
		};
/* End XCVersionGroup section */
	};
	rootObject = 76F6D3D12445FC4B008026B5 /* Project object */;
}
